// !$*UTF8*$!
{
	archiveVersion = 1;
	classes = {
	};
	objectVersion = 56;
	objects = {

/* Begin PBXBuildFile section */
		34C9208A29F70F44009ABB0B /* Photo.swift in Sources */ = {isa = PBXBuildFile; fileRef = 34C9208929F70F44009ABB0B /* Photo.swift */; };
		D304EC6129DCA13D005486C6 /* AppDelegate.swift in Sources */ = {isa = PBXBuildFile; fileRef = D304EC6029DCA13D005486C6 /* AppDelegate.swift */; };
		D304EC6429DCA172005486C6 /* GreenThumbApp.swift in Sources */ = {isa = PBXBuildFile; fileRef = D304EC6329DCA172005486C6 /* GreenThumbApp.swift */; };
		D304EC6C29DCA1D7005486C6 /* Persistence.swift in Sources */ = {isa = PBXBuildFile; fileRef = D304EC6B29DCA1D7005486C6 /* Persistence.swift */; };
		D304EC7129DCA271005486C6 /* DatabaseChange.swift in Sources */ = {isa = PBXBuildFile; fileRef = D304EC7029DCA271005486C6 /* DatabaseChange.swift */; };
		D304EC7529DCA2CD005486C6 /* Plant.swift in Sources */ = {isa = PBXBuildFile; fileRef = D304EC7429DCA2CD005486C6 /* Plant.swift */; };
		D304EC7829DCA6DC005486C6 /* PlantsData.swift in Sources */ = {isa = PBXBuildFile; fileRef = D304EC7729DCA6DC005486C6 /* PlantsData.swift */; };
		D304EC7B29DCA75D005486C6 /* PlantStruct.swift in Sources */ = {isa = PBXBuildFile; fileRef = D304EC7A29DCA75D005486C6 /* PlantStruct.swift */; };
		D304EC7E29DCA7B6005486C6 /* UtilityFunctions.swift in Sources */ = {isa = PBXBuildFile; fileRef = D304EC7D29DCA7B6005486C6 /* UtilityFunctions.swift */; };
		D304EC8029DCA90B005486C6 /* Home.swift in Sources */ = {isa = PBXBuildFile; fileRef = D304EC7F29DCA90B005486C6 /* Home.swift */; };
		D304EC8529DCAB5B005486C6 /* PlantsData.json in Resources */ = {isa = PBXBuildFile; fileRef = D304EC8429DCAB5B005486C6 /* PlantsData.json */; };
		D3288F5F29CCDDE600ED7EFB /* Assets.xcassets in Resources */ = {isa = PBXBuildFile; fileRef = D3288F5E29CCDDE600ED7EFB /* Assets.xcassets */; };
		D3288F6229CCDDE600ED7EFB /* Preview Assets.xcassets in Resources */ = {isa = PBXBuildFile; fileRef = D3288F6129CCDDE600ED7EFB /* Preview Assets.xcassets */; };
		D35DE8D529E5F1CF00E204E1 /* PerenualApiData.swift in Sources */ = {isa = PBXBuildFile; fileRef = D35DE8D429E5F1CF00E204E1 /* PerenualApiData.swift */; };
		D35DE8D729E5F1E100E204E1 /* GetJsonDataFromApi.swift in Sources */ = {isa = PBXBuildFile; fileRef = D35DE8D629E5F1E100E204E1 /* GetJsonDataFromApi.swift */; };
		D35DE8D929E60D7300E204E1 /* NotFound.swift in Sources */ = {isa = PBXBuildFile; fileRef = D35DE8D829E60D7300E204E1 /* NotFound.swift */; };
		D36F9E0E29E5E48F0085C0B2 /* MyPlants.swift in Sources */ = {isa = PBXBuildFile; fileRef = D36F9E0D29E5E48F0085C0B2 /* MyPlants.swift */; };
		D36F9E1429E5E4AA0085C0B2 /* ExploreApi.swift in Sources */ = {isa = PBXBuildFile; fileRef = D36F9E1329E5E4AA0085C0B2 /* ExploreApi.swift */; };
		D36F9E1829E5E4C90085C0B2 /* More.swift in Sources */ = {isa = PBXBuildFile; fileRef = D36F9E1729E5E4C90085C0B2 /* More.swift */; };
		D36F9E1A29E5E4CE0085C0B2 /* Settings.swift in Sources */ = {isa = PBXBuildFile; fileRef = D36F9E1929E5E4CE0085C0B2 /* Settings.swift */; };
		D36F9E2029E5E6FD0085C0B2 /* ExploreApiResultDetails.swift in Sources */ = {isa = PBXBuildFile; fileRef = D36F9E1F29E5E6FD0085C0B2 /* ExploreApiResultDetails.swift */; };
		D36F9E2229E5E7040085C0B2 /* ExploreApiResultItem.swift in Sources */ = {isa = PBXBuildFile; fileRef = D36F9E2129E5E7040085C0B2 /* ExploreApiResultItem.swift */; };
		D36F9E2629E5E7180085C0B2 /* ExploreApiResultsList.swift in Sources */ = {isa = PBXBuildFile; fileRef = D36F9E2529E5E7180085C0B2 /* ExploreApiResultsList.swift */; };
		FF0177D029F70A78001C6C0A /* WateringPlantCareDetails.swift in Sources */ = {isa = PBXBuildFile; fileRef = FF0177CB29F70A78001C6C0A /* WateringPlantCareDetails.swift */; };
		FF0177D129F70A78001C6C0A /* PlantCareList.swift in Sources */ = {isa = PBXBuildFile; fileRef = FF0177CC29F70A78001C6C0A /* PlantCareList.swift */; };
		FF0177D229F70A78001C6C0A /* StarredPlantCareDetails.swift in Sources */ = {isa = PBXBuildFile; fileRef = FF0177CD29F70A78001C6C0A /* StarredPlantCareDetails.swift */; };
		FF0177D329F70A78001C6C0A /* PlantCareItem.swift in Sources */ = {isa = PBXBuildFile; fileRef = FF0177CE29F70A78001C6C0A /* PlantCareItem.swift */; };
		FF0177D429F70A78001C6C0A /* DiseasedPlantCareDetails.swift in Sources */ = {isa = PBXBuildFile; fileRef = FF0177CF29F70A78001C6C0A /* DiseasedPlantCareDetails.swift */; };
		FF0177D629F70A88001C6C0A /* PlantAPIStruct.swift in Sources */ = {isa = PBXBuildFile; fileRef = FF0177D529F70A88001C6C0A /* PlantAPIStruct.swift */; };
		FF0177DC29F70A94001C6C0A /* LoginView.swift in Sources */ = {isa = PBXBuildFile; fileRef = FF0177D829F70A94001C6C0A /* LoginView.swift */; };
		FF0177DD29F70A94001C6C0A /* ResetPassword.swift in Sources */ = {isa = PBXBuildFile; fileRef = FF0177D929F70A94001C6C0A /* ResetPassword.swift */; };
		FF0177DE29F70A94001C6C0A /* MainView.swift in Sources */ = {isa = PBXBuildFile; fileRef = FF0177DA29F70A94001C6C0A /* MainView.swift */; };
		FF0177DF29F70A94001C6C0A /* ContentView.swift in Sources */ = {isa = PBXBuildFile; fileRef = FF0177DB29F70A94001C6C0A /* ContentView.swift */; };
		FF0177E529F70BE7001C6C0A /* GreenThumb.xcdatamodeld in Sources */ = {isa = PBXBuildFile; fileRef = FF0177E329F70BE7001C6C0A /* GreenThumb.xcdatamodeld */; };
		FF0177E729F70C0F001C6C0A /* UserAuthentication.swift in Sources */ = {isa = PBXBuildFile; fileRef = FF0177E629F70C0F001C6C0A /* UserAuthentication.swift */; };
		FFBF385929F5B27300926291 /* UserData.swift in Sources */ = {isa = PBXBuildFile; fileRef = FFBF385829F5B27300926291 /* UserData.swift */; };
		FFBF385B29F5B37500926291 /* PlantItem.swift in Sources */ = {isa = PBXBuildFile; fileRef = FFBF385A29F5B37500926291 /* PlantItem.swift */; };
		FFBF385D29F5B37D00926291 /* PlantDetails.swift in Sources */ = {isa = PBXBuildFile; fileRef = FFBF385C29F5B37D00926291 /* PlantDetails.swift */; };
		FFBF385F29F5B38200926291 /* AddPlant.swift in Sources */ = {isa = PBXBuildFile; fileRef = FFBF385E29F5B38200926291 /* AddPlant.swift */; };
		FFBF386129F5B7B200926291 /* NavigationStyle.swift in Sources */ = {isa = PBXBuildFile; fileRef = FFBF386029F5B7B200926291 /* NavigationStyle.swift */; };
		FFBF386329F5BE9700926291 /* ImagePicker.swift in Sources */ = {isa = PBXBuildFile; fileRef = FFBF386229F5BE9700926291 /* ImagePicker.swift */; };
/* End PBXBuildFile section */

/* Begin PBXFileReference section */
		34C9208929F70F44009ABB0B /* Photo.swift */ = {isa = PBXFileReference; fileEncoding = 4; lastKnownFileType = sourcecode.swift; path = Photo.swift; sourceTree = "<group>"; };
		D304EC6029DCA13D005486C6 /* AppDelegate.swift */ = {isa = PBXFileReference; lastKnownFileType = sourcecode.swift; path = AppDelegate.swift; sourceTree = "<group>"; };
		D304EC6329DCA172005486C6 /* GreenThumbApp.swift */ = {isa = PBXFileReference; lastKnownFileType = sourcecode.swift; path = GreenThumbApp.swift; sourceTree = "<group>"; };
		D304EC6B29DCA1D7005486C6 /* Persistence.swift */ = {isa = PBXFileReference; lastKnownFileType = sourcecode.swift; path = Persistence.swift; sourceTree = "<group>"; };
		D304EC7029DCA271005486C6 /* DatabaseChange.swift */ = {isa = PBXFileReference; lastKnownFileType = sourcecode.swift; path = DatabaseChange.swift; sourceTree = "<group>"; };
		D304EC7429DCA2CD005486C6 /* Plant.swift */ = {isa = PBXFileReference; lastKnownFileType = sourcecode.swift; path = Plant.swift; sourceTree = "<group>"; };
		D304EC7729DCA6DC005486C6 /* PlantsData.swift */ = {isa = PBXFileReference; lastKnownFileType = sourcecode.swift; path = PlantsData.swift; sourceTree = "<group>"; };
		D304EC7A29DCA75D005486C6 /* PlantStruct.swift */ = {isa = PBXFileReference; lastKnownFileType = sourcecode.swift; path = PlantStruct.swift; sourceTree = "<group>"; };
		D304EC7D29DCA7B6005486C6 /* UtilityFunctions.swift */ = {isa = PBXFileReference; lastKnownFileType = sourcecode.swift; path = UtilityFunctions.swift; sourceTree = "<group>"; };
		D304EC7F29DCA90B005486C6 /* Home.swift */ = {isa = PBXFileReference; lastKnownFileType = sourcecode.swift; path = Home.swift; sourceTree = "<group>"; };
		D304EC8429DCAB5B005486C6 /* PlantsData.json */ = {isa = PBXFileReference; fileEncoding = 4; lastKnownFileType = text.json; path = PlantsData.json; sourceTree = "<group>"; };
		D3288F5729CCDDE400ED7EFB /* GreenThumb.app */ = {isa = PBXFileReference; explicitFileType = wrapper.application; includeInIndex = 0; path = GreenThumb.app; sourceTree = BUILT_PRODUCTS_DIR; };
		D3288F5E29CCDDE600ED7EFB /* Assets.xcassets */ = {isa = PBXFileReference; lastKnownFileType = folder.assetcatalog; path = Assets.xcassets; sourceTree = "<group>"; };
		D3288F6129CCDDE600ED7EFB /* Preview Assets.xcassets */ = {isa = PBXFileReference; lastKnownFileType = folder.assetcatalog; path = "Preview Assets.xcassets"; sourceTree = "<group>"; };
		D3288F6829CCDDE600ED7EFB /* Info.plist */ = {isa = PBXFileReference; lastKnownFileType = text.plist.xml; path = Info.plist; sourceTree = "<group>"; };
		D35DE8D429E5F1CF00E204E1 /* PerenualApiData.swift */ = {isa = PBXFileReference; lastKnownFileType = sourcecode.swift; path = PerenualApiData.swift; sourceTree = "<group>"; };
		D35DE8D629E5F1E100E204E1 /* GetJsonDataFromApi.swift */ = {isa = PBXFileReference; lastKnownFileType = sourcecode.swift; path = GetJsonDataFromApi.swift; sourceTree = "<group>"; };
		D35DE8D829E60D7300E204E1 /* NotFound.swift */ = {isa = PBXFileReference; lastKnownFileType = sourcecode.swift; path = NotFound.swift; sourceTree = "<group>"; };
		D36F9E0D29E5E48F0085C0B2 /* MyPlants.swift */ = {isa = PBXFileReference; lastKnownFileType = sourcecode.swift; path = MyPlants.swift; sourceTree = "<group>"; };
		D36F9E1329E5E4AA0085C0B2 /* ExploreApi.swift */ = {isa = PBXFileReference; lastKnownFileType = sourcecode.swift; path = ExploreApi.swift; sourceTree = "<group>"; };
		D36F9E1729E5E4C90085C0B2 /* More.swift */ = {isa = PBXFileReference; lastKnownFileType = sourcecode.swift; path = More.swift; sourceTree = "<group>"; };
		D36F9E1929E5E4CE0085C0B2 /* Settings.swift */ = {isa = PBXFileReference; lastKnownFileType = sourcecode.swift; path = Settings.swift; sourceTree = "<group>"; };
		D36F9E1F29E5E6FD0085C0B2 /* ExploreApiResultDetails.swift */ = {isa = PBXFileReference; lastKnownFileType = sourcecode.swift; path = ExploreApiResultDetails.swift; sourceTree = "<group>"; };
		D36F9E2129E5E7040085C0B2 /* ExploreApiResultItem.swift */ = {isa = PBXFileReference; lastKnownFileType = sourcecode.swift; path = ExploreApiResultItem.swift; sourceTree = "<group>"; };
		D36F9E2529E5E7180085C0B2 /* ExploreApiResultsList.swift */ = {isa = PBXFileReference; lastKnownFileType = sourcecode.swift; path = ExploreApiResultsList.swift; sourceTree = "<group>"; };
		FF0177CB29F70A78001C6C0A /* WateringPlantCareDetails.swift */ = {isa = PBXFileReference; fileEncoding = 4; lastKnownFileType = sourcecode.swift; path = WateringPlantCareDetails.swift; sourceTree = "<group>"; };
		FF0177CC29F70A78001C6C0A /* PlantCareList.swift */ = {isa = PBXFileReference; fileEncoding = 4; lastKnownFileType = sourcecode.swift; path = PlantCareList.swift; sourceTree = "<group>"; };
		FF0177CD29F70A78001C6C0A /* StarredPlantCareDetails.swift */ = {isa = PBXFileReference; fileEncoding = 4; lastKnownFileType = sourcecode.swift; path = StarredPlantCareDetails.swift; sourceTree = "<group>"; };
		FF0177CE29F70A78001C6C0A /* PlantCareItem.swift */ = {isa = PBXFileReference; fileEncoding = 4; lastKnownFileType = sourcecode.swift; path = PlantCareItem.swift; sourceTree = "<group>"; };
		FF0177CF29F70A78001C6C0A /* DiseasedPlantCareDetails.swift */ = {isa = PBXFileReference; fileEncoding = 4; lastKnownFileType = sourcecode.swift; path = DiseasedPlantCareDetails.swift; sourceTree = "<group>"; };
		FF0177D529F70A88001C6C0A /* PlantAPIStruct.swift */ = {isa = PBXFileReference; fileEncoding = 4; lastKnownFileType = sourcecode.swift; path = PlantAPIStruct.swift; sourceTree = "<group>"; };
		FF0177D829F70A94001C6C0A /* LoginView.swift */ = {isa = PBXFileReference; fileEncoding = 4; lastKnownFileType = sourcecode.swift; path = LoginView.swift; sourceTree = "<group>"; };
		FF0177D929F70A94001C6C0A /* ResetPassword.swift */ = {isa = PBXFileReference; fileEncoding = 4; lastKnownFileType = sourcecode.swift; path = ResetPassword.swift; sourceTree = "<group>"; };
		FF0177DA29F70A94001C6C0A /* MainView.swift */ = {isa = PBXFileReference; fileEncoding = 4; lastKnownFileType = sourcecode.swift; path = MainView.swift; sourceTree = "<group>"; };
		FF0177DB29F70A94001C6C0A /* ContentView.swift */ = {isa = PBXFileReference; fileEncoding = 4; lastKnownFileType = sourcecode.swift; path = ContentView.swift; sourceTree = "<group>"; };
		FF0177E429F70BE7001C6C0A /* GreenThumb.xcdatamodel */ = {isa = PBXFileReference; lastKnownFileType = wrapper.xcdatamodel; path = GreenThumb.xcdatamodel; sourceTree = "<group>"; };
		FF0177E629F70C0F001C6C0A /* UserAuthentication.swift */ = {isa = PBXFileReference; fileEncoding = 4; lastKnownFileType = sourcecode.swift; name = UserAuthentication.swift; path = "GreenThumb/Supporting Files/UserAuthentication.swift"; sourceTree = SOURCE_ROOT; };
		FFBF385829F5B27300926291 /* UserData.swift */ = {isa = PBXFileReference; lastKnownFileType = sourcecode.swift; path = UserData.swift; sourceTree = "<group>"; };
		FFBF385A29F5B37500926291 /* PlantItem.swift */ = {isa = PBXFileReference; lastKnownFileType = sourcecode.swift; path = PlantItem.swift; sourceTree = "<group>"; };
		FFBF385C29F5B37D00926291 /* PlantDetails.swift */ = {isa = PBXFileReference; lastKnownFileType = sourcecode.swift; path = PlantDetails.swift; sourceTree = "<group>"; };
		FFBF385E29F5B38200926291 /* AddPlant.swift */ = {isa = PBXFileReference; lastKnownFileType = sourcecode.swift; path = AddPlant.swift; sourceTree = "<group>"; };
		FFBF386029F5B7B200926291 /* NavigationStyle.swift */ = {isa = PBXFileReference; lastKnownFileType = sourcecode.swift; path = NavigationStyle.swift; sourceTree = "<group>"; };
		FFBF386229F5BE9700926291 /* ImagePicker.swift */ = {isa = PBXFileReference; lastKnownFileType = sourcecode.swift; path = ImagePicker.swift; sourceTree = "<group>"; };
/* End PBXFileReference section */

/* Begin PBXFrameworksBuildPhase section */
		D3288F5429CCDDE400ED7EFB /* Frameworks */ = {
			isa = PBXFrameworksBuildPhase;
			buildActionMask = 2147483647;
			files = (
			);
			runOnlyForDeploymentPostprocessing = 0;
		};
/* End PBXFrameworksBuildPhase section */

/* Begin PBXGroup section */
		D304EC6229DCA15F005486C6 /* Core Data Model */ = {
			isa = PBXGroup;
			children = (
				FF0177E329F70BE7001C6C0A /* GreenThumb.xcdatamodeld */,
				D304EC6B29DCA1D7005486C6 /* Persistence.swift */,
				D304EC7429DCA2CD005486C6 /* Plant.swift */,
				34C9208929F70F44009ABB0B /* Photo.swift */,
			);
			path = "Core Data Model";
			sourceTree = "<group>";
		};
		D304EC6729DCA1A8005486C6 /* Tab Bar Views */ = {
			isa = PBXGroup;
			children = (
				D304EC8129DCA910005486C6 /* Home */,
				D36F9E0929E5E3F70085C0B2 /* MyPlants */,
				D36F9E0A29E5E4020085C0B2 /* PlantCare */,
				D36F9E0C29E5E42A0085C0B2 /* Explore API */,
				D36F9E1629E5E4B90085C0B2 /* More */,
			);
			path = "Tab Bar Views";
			sourceTree = "<group>";
		};
		D304EC6F29DCA266005486C6 /* Data Model */ = {
			isa = PBXGroup;
			children = (
				D304EC8429DCAB5B005486C6 /* PlantsData.json */,
				D304EC7729DCA6DC005486C6 /* PlantsData.swift */,
				D304EC7A29DCA75D005486C6 /* PlantStruct.swift */,
				D304EC7029DCA271005486C6 /* DatabaseChange.swift */,
				FFBF385829F5B27300926291 /* UserData.swift */,
			);
			path = "Data Model";
			sourceTree = "<group>";
		};
		D304EC7C29DCA7A6005486C6 /* Supporting Files */ = {
			isa = PBXGroup;
			children = (
				D304EC7D29DCA7B6005486C6 /* UtilityFunctions.swift */,
				D35DE8D829E60D7300E204E1 /* NotFound.swift */,
				FFBF386029F5B7B200926291 /* NavigationStyle.swift */,
				FFBF386229F5BE9700926291 /* ImagePicker.swift */,
			);
			path = "Supporting Files";
			sourceTree = "<group>";
		};
		D304EC8129DCA910005486C6 /* Home */ = {
			isa = PBXGroup;
			children = (
				D304EC7F29DCA90B005486C6 /* Home.swift */,
			);
			path = Home;
			sourceTree = "<group>";
		};
		D3288F4E29CCDDE400ED7EFB = {
			isa = PBXGroup;
			children = (
				D3288F5929CCDDE400ED7EFB /* GreenThumb */,
				D3288F5829CCDDE400ED7EFB /* Products */,
			);
			sourceTree = "<group>";
		};
		D3288F5829CCDDE400ED7EFB /* Products */ = {
			isa = PBXGroup;
			children = (
				D3288F5729CCDDE400ED7EFB /* GreenThumb.app */,
			);
			name = Products;
			sourceTree = "<group>";
		};
		D3288F5929CCDDE400ED7EFB /* GreenThumb */ = {
			isa = PBXGroup;
			children = (
				D304EC6329DCA172005486C6 /* GreenThumbApp.swift */,
				D304EC6029DCA13D005486C6 /* AppDelegate.swift */,
				D35DE8D329E5F14A00E204E1 /* API Data Model */,
				D304EC6229DCA15F005486C6 /* Core Data Model */,
				D304EC6729DCA1A8005486C6 /* Tab Bar Views */,
				D304EC6F29DCA266005486C6 /* Data Model */,
				D304EC7C29DCA7A6005486C6 /* Supporting Files */,
				FF0177D729F70A94001C6C0A /* Startup Views */,
				D3288F6829CCDDE600ED7EFB /* Info.plist */,
				D3288F5E29CCDDE600ED7EFB /* Assets.xcassets */,
				D3288F6029CCDDE600ED7EFB /* Preview Content */,
			);
			path = GreenThumb;
			sourceTree = "<group>";
		};
		D3288F6029CCDDE600ED7EFB /* Preview Content */ = {
			isa = PBXGroup;
			children = (
				D3288F6129CCDDE600ED7EFB /* Preview Assets.xcassets */,
			);
			path = "Preview Content";
			sourceTree = "<group>";
		};
		D35DE8D329E5F14A00E204E1 /* API Data Model */ = {
			isa = PBXGroup;
			children = (
				D35DE8D429E5F1CF00E204E1 /* PerenualApiData.swift */,
				D35DE8D629E5F1E100E204E1 /* GetJsonDataFromApi.swift */,
				FF0177D529F70A88001C6C0A /* PlantAPIStruct.swift */,
			);
			path = "API Data Model";
			sourceTree = "<group>";
		};
		D36F9E0929E5E3F70085C0B2 /* MyPlants */ = {
			isa = PBXGroup;
			children = (
				D36F9E0D29E5E48F0085C0B2 /* MyPlants.swift */,
				FFBF385A29F5B37500926291 /* PlantItem.swift */,
				FFBF385C29F5B37D00926291 /* PlantDetails.swift */,
				FFBF385E29F5B38200926291 /* AddPlant.swift */,
			);
			path = MyPlants;
			sourceTree = "<group>";
		};
		D36F9E0A29E5E4020085C0B2 /* PlantCare */ = {
			isa = PBXGroup;
			children = (
				FF0177CF29F70A78001C6C0A /* DiseasedPlantCareDetails.swift */,
				FF0177CE29F70A78001C6C0A /* PlantCareItem.swift */,
				FF0177CC29F70A78001C6C0A /* PlantCareList.swift */,
				FF0177CD29F70A78001C6C0A /* StarredPlantCareDetails.swift */,
				FF0177CB29F70A78001C6C0A /* WateringPlantCareDetails.swift */,
			);
			path = PlantCare;
			sourceTree = "<group>";
		};
		D36F9E0C29E5E42A0085C0B2 /* Explore API */ = {
			isa = PBXGroup;
			children = (
				D36F9E1F29E5E6FD0085C0B2 /* ExploreApiResultDetails.swift */,
				D36F9E2129E5E7040085C0B2 /* ExploreApiResultItem.swift */,
				D36F9E2529E5E7180085C0B2 /* ExploreApiResultsList.swift */,
				D36F9E1329E5E4AA0085C0B2 /* ExploreApi.swift */,
			);
			path = "Explore API";
			sourceTree = "<group>";
		};
		D36F9E1629E5E4B90085C0B2 /* More */ = {
			isa = PBXGroup;
			children = (
				D36F9E1729E5E4C90085C0B2 /* More.swift */,
				D36F9E1929E5E4CE0085C0B2 /* Settings.swift */,
			);
			path = More;
			sourceTree = "<group>";
		};
		FF0177D729F70A94001C6C0A /* Startup Views */ = {
			isa = PBXGroup;
			children = (
				FF0177D829F70A94001C6C0A /* LoginView.swift */,
				FF0177E629F70C0F001C6C0A /* UserAuthentication.swift */,
				FF0177D929F70A94001C6C0A /* ResetPassword.swift */,
				FF0177DA29F70A94001C6C0A /* MainView.swift */,
				FF0177DB29F70A94001C6C0A /* ContentView.swift */,
			);
			path = "Startup Views";
			sourceTree = "<group>";
		};
/* End PBXGroup section */

/* Begin PBXNativeTarget section */
		D3288F5629CCDDE400ED7EFB /* GreenThumb */ = {
			isa = PBXNativeTarget;
			buildConfigurationList = D3288F6B29CCDDE600ED7EFB /* Build configuration list for PBXNativeTarget "GreenThumb" */;
			buildPhases = (
				D3288F5329CCDDE400ED7EFB /* Sources */,
				D3288F5429CCDDE400ED7EFB /* Frameworks */,
				D3288F5529CCDDE400ED7EFB /* Resources */,
			);
			buildRules = (
			);
			dependencies = (
			);
			name = GreenThumb;
			productName = GreenThumb;
			productReference = D3288F5729CCDDE400ED7EFB /* GreenThumb.app */;
			productType = "com.apple.product-type.application";
		};
/* End PBXNativeTarget section */

/* Begin PBXProject section */
		D3288F4F29CCDDE400ED7EFB /* Project object */ = {
			isa = PBXProject;
			attributes = {
				BuildIndependentTargetsInParallel = 1;
				LastSwiftUpdateCheck = 1420;
				LastUpgradeCheck = 1420;
				ORGANIZATIONNAME = "Taylor Adeline Flieg, Christian Alexander Diaz, Brian Andrew Wood";
				TargetAttributes = {
					D3288F5629CCDDE400ED7EFB = {
						CreatedOnToolsVersion = 14.2;
						LastSwiftMigration = 1430;
					};
				};
			};
			buildConfigurationList = D3288F5229CCDDE400ED7EFB /* Build configuration list for PBXProject "GreenThumb" */;
			compatibilityVersion = "Xcode 14.0";
			developmentRegion = en;
			hasScannedForEncodings = 0;
			knownRegions = (
				en,
				Base,
			);
			mainGroup = D3288F4E29CCDDE400ED7EFB;
			productRefGroup = D3288F5829CCDDE400ED7EFB /* Products */;
			projectDirPath = "";
			projectRoot = "";
			targets = (
				D3288F5629CCDDE400ED7EFB /* GreenThumb */,
			);
		};
/* End PBXProject section */

/* Begin PBXResourcesBuildPhase section */
		D3288F5529CCDDE400ED7EFB /* Resources */ = {
			isa = PBXResourcesBuildPhase;
			buildActionMask = 2147483647;
			files = (
				D304EC8529DCAB5B005486C6 /* PlantsData.json in Resources */,
				D3288F6229CCDDE600ED7EFB /* Preview Assets.xcassets in Resources */,
				D3288F5F29CCDDE600ED7EFB /* Assets.xcassets in Resources */,
			);
			runOnlyForDeploymentPostprocessing = 0;
		};
/* End PBXResourcesBuildPhase section */

/* Begin PBXSourcesBuildPhase section */
		D3288F5329CCDDE400ED7EFB /* Sources */ = {
			isa = PBXSourcesBuildPhase;
			buildActionMask = 2147483647;
			files = (
				D304EC7B29DCA75D005486C6 /* PlantStruct.swift in Sources */,
				D36F9E0E29E5E48F0085C0B2 /* MyPlants.swift in Sources */,
				FF0177DD29F70A94001C6C0A /* ResetPassword.swift in Sources */,
				D304EC7E29DCA7B6005486C6 /* UtilityFunctions.swift in Sources */,
				D35DE8D729E5F1E100E204E1 /* GetJsonDataFromApi.swift in Sources */,
				D36F9E1A29E5E4CE0085C0B2 /* Settings.swift in Sources */,
				D36F9E2229E5E7040085C0B2 /* ExploreApiResultItem.swift in Sources */,
				D304EC6429DCA172005486C6 /* GreenThumbApp.swift in Sources */,
				FF0177DE29F70A94001C6C0A /* MainView.swift in Sources */,
				D304EC6129DCA13D005486C6 /* AppDelegate.swift in Sources */,
				D35DE8D929E60D7300E204E1 /* NotFound.swift in Sources */,
				D36F9E2629E5E7180085C0B2 /* ExploreApiResultsList.swift in Sources */,
				34C9208A29F70F44009ABB0B /* Photo.swift in Sources */,
				FF0177E529F70BE7001C6C0A /* GreenThumb.xcdatamodeld in Sources */,
				D36F9E1429E5E4AA0085C0B2 /* ExploreApi.swift in Sources */,
				FFBF385929F5B27300926291 /* UserData.swift in Sources */,
				FF0177DF29F70A94001C6C0A /* ContentView.swift in Sources */,
				FF0177D029F70A78001C6C0A /* WateringPlantCareDetails.swift in Sources */,
				FF0177D629F70A88001C6C0A /* PlantAPIStruct.swift in Sources */,
				D304EC6C29DCA1D7005486C6 /* Persistence.swift in Sources */,
				D36F9E1829E5E4C90085C0B2 /* More.swift in Sources */,
				D35DE8D529E5F1CF00E204E1 /* PerenualApiData.swift in Sources */,
				FF0177D429F70A78001C6C0A /* DiseasedPlantCareDetails.swift in Sources */,
				FFBF385B29F5B37500926291 /* PlantItem.swift in Sources */,
				FFBF386329F5BE9700926291 /* ImagePicker.swift in Sources */,
				FF0177D229F70A78001C6C0A /* StarredPlantCareDetails.swift in Sources */,
				D304EC7129DCA271005486C6 /* DatabaseChange.swift in Sources */,
				D304EC7529DCA2CD005486C6 /* Plant.swift in Sources */,
				FF0177D329F70A78001C6C0A /* PlantCareItem.swift in Sources */,
				FFBF385F29F5B38200926291 /* AddPlant.swift in Sources */,
				D304EC8029DCA90B005486C6 /* Home.swift in Sources */,
				D304EC7829DCA6DC005486C6 /* PlantsData.swift in Sources */,
				FF0177D129F70A78001C6C0A /* PlantCareList.swift in Sources */,
				FF0177E729F70C0F001C6C0A /* UserAuthentication.swift in Sources */,
				D36F9E2029E5E6FD0085C0B2 /* ExploreApiResultDetails.swift in Sources */,
				FF0177DC29F70A94001C6C0A /* LoginView.swift in Sources */,
				FFBF386129F5B7B200926291 /* NavigationStyle.swift in Sources */,
				FFBF385D29F5B37D00926291 /* PlantDetails.swift in Sources */,
			);
			runOnlyForDeploymentPostprocessing = 0;
		};
/* End PBXSourcesBuildPhase section */

/* Begin XCBuildConfiguration section */
		D3288F6929CCDDE600ED7EFB /* Debug */ = {
			isa = XCBuildConfiguration;
			buildSettings = {
				ALWAYS_SEARCH_USER_PATHS = NO;
				CLANG_ANALYZER_NONNULL = YES;
				CLANG_ANALYZER_NUMBER_OBJECT_CONVERSION = YES_AGGRESSIVE;
				CLANG_CXX_LANGUAGE_STANDARD = "gnu++20";
				CLANG_ENABLE_MODULES = YES;
				CLANG_ENABLE_OBJC_ARC = YES;
				CLANG_ENABLE_OBJC_WEAK = YES;
				CLANG_WARN_BLOCK_CAPTURE_AUTORELEASING = YES;
				CLANG_WARN_BOOL_CONVERSION = YES;
				CLANG_WARN_COMMA = YES;
				CLANG_WARN_CONSTANT_CONVERSION = YES;
				CLANG_WARN_DEPRECATED_OBJC_IMPLEMENTATIONS = YES;
				CLANG_WARN_DIRECT_OBJC_ISA_USAGE = YES_ERROR;
				CLANG_WARN_DOCUMENTATION_COMMENTS = YES;
				CLANG_WARN_EMPTY_BODY = YES;
				CLANG_WARN_ENUM_CONVERSION = YES;
				CLANG_WARN_INFINITE_RECURSION = YES;
				CLANG_WARN_INT_CONVERSION = YES;
				CLANG_WARN_NON_LITERAL_NULL_CONVERSION = YES;
				CLANG_WARN_OBJC_IMPLICIT_RETAIN_SELF = YES;
				CLANG_WARN_OBJC_LITERAL_CONVERSION = YES;
				CLANG_WARN_OBJC_ROOT_CLASS = YES_ERROR;
				CLANG_WARN_QUOTED_INCLUDE_IN_FRAMEWORK_HEADER = YES;
				CLANG_WARN_RANGE_LOOP_ANALYSIS = YES;
				CLANG_WARN_STRICT_PROTOTYPES = YES;
				CLANG_WARN_SUSPICIOUS_MOVE = YES;
				CLANG_WARN_UNGUARDED_AVAILABILITY = YES_AGGRESSIVE;
				CLANG_WARN_UNREACHABLE_CODE = YES;
				CLANG_WARN__DUPLICATE_METHOD_MATCH = YES;
				COPY_PHASE_STRIP = NO;
				DEBUG_INFORMATION_FORMAT = dwarf;
				ENABLE_STRICT_OBJC_MSGSEND = YES;
				ENABLE_TESTABILITY = YES;
				GCC_C_LANGUAGE_STANDARD = gnu11;
				GCC_DYNAMIC_NO_PIC = NO;
				GCC_NO_COMMON_BLOCKS = YES;
				GCC_OPTIMIZATION_LEVEL = 0;
				GCC_PREPROCESSOR_DEFINITIONS = (
					"DEBUG=1",
					"$(inherited)",
				);
				GCC_WARN_64_TO_32_BIT_CONVERSION = YES;
				GCC_WARN_ABOUT_RETURN_TYPE = YES_ERROR;
				GCC_WARN_UNDECLARED_SELECTOR = YES;
				GCC_WARN_UNINITIALIZED_AUTOS = YES_AGGRESSIVE;
				GCC_WARN_UNUSED_FUNCTION = YES;
				GCC_WARN_UNUSED_VARIABLE = YES;
				IPHONEOS_DEPLOYMENT_TARGET = 16.2;
				MTL_ENABLE_DEBUG_INFO = INCLUDE_SOURCE;
				MTL_FAST_MATH = YES;
				ONLY_ACTIVE_ARCH = YES;
				SDKROOT = iphoneos;
				SWIFT_ACTIVE_COMPILATION_CONDITIONS = DEBUG;
				SWIFT_OPTIMIZATION_LEVEL = "-Onone";
			};
			name = Debug;
		};
		D3288F6A29CCDDE600ED7EFB /* Release */ = {
			isa = XCBuildConfiguration;
			buildSettings = {
				ALWAYS_SEARCH_USER_PATHS = NO;
				CLANG_ANALYZER_NONNULL = YES;
				CLANG_ANALYZER_NUMBER_OBJECT_CONVERSION = YES_AGGRESSIVE;
				CLANG_CXX_LANGUAGE_STANDARD = "gnu++20";
				CLANG_ENABLE_MODULES = YES;
				CLANG_ENABLE_OBJC_ARC = YES;
				CLANG_ENABLE_OBJC_WEAK = YES;
				CLANG_WARN_BLOCK_CAPTURE_AUTORELEASING = YES;
				CLANG_WARN_BOOL_CONVERSION = YES;
				CLANG_WARN_COMMA = YES;
				CLANG_WARN_CONSTANT_CONVERSION = YES;
				CLANG_WARN_DEPRECATED_OBJC_IMPLEMENTATIONS = YES;
				CLANG_WARN_DIRECT_OBJC_ISA_USAGE = YES_ERROR;
				CLANG_WARN_DOCUMENTATION_COMMENTS = YES;
				CLANG_WARN_EMPTY_BODY = YES;
				CLANG_WARN_ENUM_CONVERSION = YES;
				CLANG_WARN_INFINITE_RECURSION = YES;
				CLANG_WARN_INT_CONVERSION = YES;
				CLANG_WARN_NON_LITERAL_NULL_CONVERSION = YES;
				CLANG_WARN_OBJC_IMPLICIT_RETAIN_SELF = YES;
				CLANG_WARN_OBJC_LITERAL_CONVERSION = YES;
				CLANG_WARN_OBJC_ROOT_CLASS = YES_ERROR;
				CLANG_WARN_QUOTED_INCLUDE_IN_FRAMEWORK_HEADER = YES;
				CLANG_WARN_RANGE_LOOP_ANALYSIS = YES;
				CLANG_WARN_STRICT_PROTOTYPES = YES;
				CLANG_WARN_SUSPICIOUS_MOVE = YES;
				CLANG_WARN_UNGUARDED_AVAILABILITY = YES_AGGRESSIVE;
				CLANG_WARN_UNREACHABLE_CODE = YES;
				CLANG_WARN__DUPLICATE_METHOD_MATCH = YES;
				COPY_PHASE_STRIP = NO;
				DEBUG_INFORMATION_FORMAT = "dwarf-with-dsym";
				ENABLE_NS_ASSERTIONS = NO;
				ENABLE_STRICT_OBJC_MSGSEND = YES;
				GCC_C_LANGUAGE_STANDARD = gnu11;
				GCC_NO_COMMON_BLOCKS = YES;
				GCC_WARN_64_TO_32_BIT_CONVERSION = YES;
				GCC_WARN_ABOUT_RETURN_TYPE = YES_ERROR;
				GCC_WARN_UNDECLARED_SELECTOR = YES;
				GCC_WARN_UNINITIALIZED_AUTOS = YES_AGGRESSIVE;
				GCC_WARN_UNUSED_FUNCTION = YES;
				GCC_WARN_UNUSED_VARIABLE = YES;
				IPHONEOS_DEPLOYMENT_TARGET = 16.2;
				MTL_ENABLE_DEBUG_INFO = NO;
				MTL_FAST_MATH = YES;
				SDKROOT = iphoneos;
				SWIFT_COMPILATION_MODE = wholemodule;
				SWIFT_OPTIMIZATION_LEVEL = "-O";
				VALIDATE_PRODUCT = YES;
			};
			name = Release;
		};
		D3288F6C29CCDDE600ED7EFB /* Debug */ = {
			isa = XCBuildConfiguration;
			buildSettings = {
				ASSETCATALOG_COMPILER_APPICON_NAME = AppIcon;
				ASSETCATALOG_COMPILER_GLOBAL_ACCENT_COLOR_NAME = AccentColor;
				CLANG_ENABLE_MODULES = YES;
				CODE_SIGN_STYLE = Automatic;
				CURRENT_PROJECT_VERSION = 1;
				DEVELOPMENT_ASSET_PATHS = "\"GreenThumb/Preview Content\"";
				DEVELOPMENT_TEAM = 53H489DJ2F;
				ENABLE_PREVIEWS = YES;
				GENERATE_INFOPLIST_FILE = YES;
				INFOPLIST_FILE = GreenThumb/Info.plist;
				INFOPLIST_KEY_UIApplicationSceneManifest_Generation = YES;
				INFOPLIST_KEY_UIApplicationSupportsIndirectInputEvents = YES;
				INFOPLIST_KEY_UISupportedInterfaceOrientations_iPad = "UIInterfaceOrientationPortrait UIInterfaceOrientationPortraitUpsideDown UIInterfaceOrientationLandscapeLeft UIInterfaceOrientationLandscapeRight";
				INFOPLIST_KEY_UISupportedInterfaceOrientations_iPhone = "UIInterfaceOrientationPortrait UIInterfaceOrientationLandscapeLeft UIInterfaceOrientationLandscapeRight";
				LD_RUNPATH_SEARCH_PATHS = (
					"$(inherited)",
					"@executable_path/Frameworks",
				);
				MARKETING_VERSION = 1.0;
				PRODUCT_BUNDLE_IDENTIFIER = com.christiandiaz.GreenThumb;
				PRODUCT_NAME = "$(TARGET_NAME)";
				SWIFT_EMIT_LOC_STRINGS = YES;
				SWIFT_OPTIMIZATION_LEVEL = "-Onone";
				SWIFT_VERSION = 5.0;
				TARGETED_DEVICE_FAMILY = "1,2";
			};
			name = Debug;
		};
		D3288F6D29CCDDE600ED7EFB /* Release */ = {
			isa = XCBuildConfiguration;
			buildSettings = {
				ASSETCATALOG_COMPILER_APPICON_NAME = AppIcon;
				ASSETCATALOG_COMPILER_GLOBAL_ACCENT_COLOR_NAME = AccentColor;
				CLANG_ENABLE_MODULES = YES;
				CODE_SIGN_STYLE = Automatic;
				CURRENT_PROJECT_VERSION = 1;
				DEVELOPMENT_ASSET_PATHS = "\"GreenThumb/Preview Content\"";
				DEVELOPMENT_TEAM = 53H489DJ2F;
				ENABLE_PREVIEWS = YES;
				GENERATE_INFOPLIST_FILE = YES;
				INFOPLIST_FILE = GreenThumb/Info.plist;
				INFOPLIST_KEY_UIApplicationSceneManifest_Generation = YES;
				INFOPLIST_KEY_UIApplicationSupportsIndirectInputEvents = YES;
				INFOPLIST_KEY_UISupportedInterfaceOrientations_iPad = "UIInterfaceOrientationPortrait UIInterfaceOrientationPortraitUpsideDown UIInterfaceOrientationLandscapeLeft UIInterfaceOrientationLandscapeRight";
				INFOPLIST_KEY_UISupportedInterfaceOrientations_iPhone = "UIInterfaceOrientationPortrait UIInterfaceOrientationLandscapeLeft UIInterfaceOrientationLandscapeRight";
				LD_RUNPATH_SEARCH_PATHS = (
					"$(inherited)",
					"@executable_path/Frameworks",
				);
				MARKETING_VERSION = 1.0;
				PRODUCT_BUNDLE_IDENTIFIER = com.christiandiaz.GreenThumb;
				PRODUCT_NAME = "$(TARGET_NAME)";
				SWIFT_EMIT_LOC_STRINGS = YES;
				SWIFT_VERSION = 5.0;
				TARGETED_DEVICE_FAMILY = "1,2";
			};
			name = Release;
		};
/* End XCBuildConfiguration section */

/* Begin XCConfigurationList section */
		D3288F5229CCDDE400ED7EFB /* Build configuration list for PBXProject "GreenThumb" */ = {
			isa = XCConfigurationList;
			buildConfigurations = (
				D3288F6929CCDDE600ED7EFB /* Debug */,
				D3288F6A29CCDDE600ED7EFB /* Release */,
			);
			defaultConfigurationIsVisible = 0;
			defaultConfigurationName = Release;
		};
		D3288F6B29CCDDE600ED7EFB /* Build configuration list for PBXNativeTarget "GreenThumb" */ = {
			isa = XCConfigurationList;
			buildConfigurations = (
				D3288F6C29CCDDE600ED7EFB /* Debug */,
				D3288F6D29CCDDE600ED7EFB /* Release */,
			);
			defaultConfigurationIsVisible = 0;
			defaultConfigurationName = Release;
		};
/* End XCConfigurationList section */

/* Begin XCVersionGroup section */
		FF0177E329F70BE7001C6C0A /* GreenThumb.xcdatamodeld */ = {
			isa = XCVersionGroup;
			children = (
				FF0177E429F70BE7001C6C0A /* GreenThumb.xcdatamodel */,
			);
			currentVersion = FF0177E429F70BE7001C6C0A /* GreenThumb.xcdatamodel */;
			path = GreenThumb.xcdatamodeld;
			sourceTree = "<group>";
			versionGroupType = wrapper.xcdatamodel;
		};
/* End XCVersionGroup section */
	};
	rootObject = D3288F4F29CCDDE400ED7EFB /* Project object */;
}
